
Microsoft Visual Studio Solution File, Format Version 12.00
# Visual Studio Version 17
VisualStudioVersion = 17.4.33213.308
MinimumVisualStudioVersion = 10.0.40219.1
Project("{FAE04EC0-301F-11D3-BF4B-00C04F79EFBC}") = "SensorVTall", "SensorVTall\SensorVTall.csproj", "{18EE4EFA-B2AF-43F8-AAC6-844CB2D0CD06}"
EndProject
Global
	GlobalSection(SolutionConfigurationPlatforms) = preSolution
		Debug|Any CPU = Debug|Any CPU
		Release|Any CPU = Release|Any CPU
	EndGlobalSection
	GlobalSection(ProjectConfigurationPlatforms) = postSolution
		{18EE4EFA-B2AF-43F8-AAC6-844CB2D0CD06}.Debug|Any CPU.ActiveCfg = Debug|Any CPU
		{18EE4EFA-B2AF-43F8-AAC6-844CB2D0CD06}.Debug|Any CPU.Build.0 = Debug|Any CPU
		{18EE4EFA-B2AF-43F8-AAC6-844CB2D0CD06}.Release|Any CPU.ActiveCfg = Release|Any CPU
		{18EE4EFA-B2AF-43F8-AAC6-844CB2D0CD06}.Release|Any CPU.Build.0 = Release|Any CPU
	EndGlobalSection
	GlobalSection(SolutionProperties) = preSolution
		HideSolutionNode = FALSE
	EndGlobalSection
	GlobalSection(ExtensibilityGlobals) = postSolution
		SolutionGuid = {81299460-4EBB-49CA-8B1F-0081CC6D7FF1}
	EndGlobalSection
EndGlobal
